
Microsoft Visual Studio Solution File, Format Version 12.00
# Visual Studio Version 17
VisualStudioVersion = 17.14.36121.58 d17.14
MinimumVisualStudioVersion = 10.0.40219.1
Project("{FAE04EC0-301F-11D3-BF4B-00C04F79EFBC}") = "ResultPattern", "ResultPatterne\ResultPattern.csproj", "{4B16BF52-7253-48AB-8DC9-D24345BE7D1D}"
EndProject
Global
	GlobalSection(SolutionConfigurationPlatforms) = preSolution
		Debug|Any CPU = Debug|Any CPU
		Release|Any CPU = Release|Any CPU
	EndGlobalSection
	GlobalSection(ProjectConfigurationPlatforms) = postSolution
		{4B16BF52-7253-48AB-8DC9-D24345BE7D1D}.Debug|Any CPU.ActiveCfg = Debug|Any CPU
		{4B16BF52-7253-48AB-8DC9-D24345BE7D1D}.Debug|Any CPU.Build.0 = Debug|Any CPU
		{4B16BF52-7253-48AB-8DC9-D24345BE7D1D}.Release|Any CPU.ActiveCfg = Release|Any CPU
		{4B16BF52-7253-48AB-8DC9-D24345BE7D1D}.Release|Any CPU.Build.0 = Release|Any CPU
	EndGlobalSection
	GlobalSection(SolutionProperties) = preSolution
		HideSolutionNode = FALSE
	EndGlobalSection
	GlobalSection(ExtensibilityGlobals) = postSolution
		SolutionGuid = {B4EC0719-69D9-4F77-BCD9-B7C17C7B0CE2}
	EndGlobalSection
EndGlobal
